# This file is automatically @generated by Cargo.
# It is not intended for manual editing.
[[package]]
name = "archery"
version = "0.4.0"
source = "registry+https://github.com/rust-lang/crates.io-index"
checksum = "0a8da9bc4c4053ee067669762bcaeea6e241841295a2b6c948312dad6ef4cc02"
dependencies = [
 "static_assertions",
]

[[package]]
name = "day15"
version = "0.1.0"
dependencies = [
 "rpds",
]

[[package]]
name = "rpds"
version = "0.8.0"
source = "registry+https://github.com/rust-lang/crates.io-index"
checksum = "56481afe084b54bb78bf63b9914dddef620d786af556530e0fad1398eaf11b2a"
dependencies = [
 "archery",
]

[[package]]
name = "static_assertions"
version = "1.1.0"
source = "registry+https://github.com/rust-lang/crates.io-index"
checksum = "a2eb9349b6444b326872e140eb1cf5e7c522154d69e7a0ffb0fb81c06b37543f"
